
Microsoft Visual Studio Solution File, Format Version 12.00
# Visual Studio Version 17
VisualStudioVersion = 17.12.35707.178
MinimumVisualStudioVersion = 10.0.40219.1
Project("{FAE04EC0-301F-11D3-BF4B-00C04F79EFBC}") = "Sales.System", "Sales.System\Sales.System.csproj", "{A09869C6-AF4F-483D-8AB8-AED72156E163}"
EndProject
Project("{2150E333-8FDC-42A3-9474-1A3956D46DE8}") = "API", "API", "{F324CE4D-45E2-4055-960C-C94CC3E5CC35}"
EndProject
Project("{2150E333-8FDC-42A3-9474-1A3956D46DE8}") = "Domain", "Domain", "{21C7C593-DDF1-44A1-99F2-ECE1A743E507}"
EndProject
Project("{FAE04EC0-301F-11D3-BF4B-00C04F79EFBC}") = "Domain", "Domain\Domain.csproj", "{D27D4D7D-E272-4944-A287-7064FFBA95B4}"
EndProject
Global
	GlobalSection(SolutionConfigurationPlatforms) = preSolution
		Debug|Any CPU = Debug|Any CPU
		Release|Any CPU = Release|Any CPU
	EndGlobalSection
	GlobalSection(ProjectConfigurationPlatforms) = postSolution
		{A09869C6-AF4F-483D-8AB8-AED72156E163}.Debug|Any CPU.ActiveCfg = Debug|Any CPU
		{A09869C6-AF4F-483D-8AB8-AED72156E163}.Debug|Any CPU.Build.0 = Debug|Any CPU
		{A09869C6-AF4F-483D-8AB8-AED72156E163}.Release|Any CPU.ActiveCfg = Release|Any CPU
		{A09869C6-AF4F-483D-8AB8-AED72156E163}.Release|Any CPU.Build.0 = Release|Any CPU
		{D27D4D7D-E272-4944-A287-7064FFBA95B4}.Debug|Any CPU.ActiveCfg = Debug|Any CPU
		{D27D4D7D-E272-4944-A287-7064FFBA95B4}.Debug|Any CPU.Build.0 = Debug|Any CPU
		{D27D4D7D-E272-4944-A287-7064FFBA95B4}.Release|Any CPU.ActiveCfg = Release|Any CPU
		{D27D4D7D-E272-4944-A287-7064FFBA95B4}.Release|Any CPU.Build.0 = Release|Any CPU
	EndGlobalSection
	GlobalSection(SolutionProperties) = preSolution
		HideSolutionNode = FALSE
	EndGlobalSection
	GlobalSection(NestedProjects) = preSolution
		{A09869C6-AF4F-483D-8AB8-AED72156E163} = {F324CE4D-45E2-4055-960C-C94CC3E5CC35}
		{D27D4D7D-E272-4944-A287-7064FFBA95B4} = {21C7C593-DDF1-44A1-99F2-ECE1A743E507}
	EndGlobalSection
EndGlobal
